
Microsoft Visual Studio Solution File, Format Version 12.00
# Visual Studio 2012
Project("{8BC9CEB8-8B4A-11D0-8D11-00A0C91BC942}") = "XEthernetDemo", "XEthernetDemo\XEthernetDemo_2012.vcxproj", "{240D108D-4F81-4912-9CFB-86E0E95AA39D}"
EndProject
Project("{8BC9CEB8-8B4A-11D0-8D11-00A0C91BC942}") = "XCameraLinkDemo", "XCameraLinkDemo\XCameraLinkDemo_2012.vcxproj", "{3C935314-A083-4F82-9D3C-DF857A576979}"
EndProject
Global
	GlobalSection(SolutionConfigurationPlatforms) = preSolution
		Debug|Win32 = Debug|Win32
		Debug|x64 = Debug|x64
		Release|Win32 = Release|Win32
		Release|x64 = Release|x64
		Template|Win32 = Template|Win32
		Template|x64 = Template|x64
	EndGlobalSection
	GlobalSection(ProjectConfigurationPlatforms) = postSolution
		{240D108D-4F81-4912-9CFB-86E0E95AA39D}.Debug|Win32.ActiveCfg = Debug|Win32
		{240D108D-4F81-4912-9CFB-86E0E95AA39D}.Debug|Win32.Build.0 = Debug|Win32
		{240D108D-4F81-4912-9CFB-86E0E95AA39D}.Debug|x64.ActiveCfg = Debug|x64
		{240D108D-4F81-4912-9CFB-86E0E95AA39D}.Debug|x64.Build.0 = Debug|x64
		{240D108D-4F81-4912-9CFB-86E0E95AA39D}.Release|Win32.ActiveCfg = Release|Win32
		{240D108D-4F81-4912-9CFB-86E0E95AA39D}.Release|Win32.Build.0 = Release|Win32
		{240D108D-4F81-4912-9CFB-86E0E95AA39D}.Release|x64.ActiveCfg = Release|x64
		{240D108D-4F81-4912-9CFB-86E0E95AA39D}.Release|x64.Build.0 = Release|x64
		{240D108D-4F81-4912-9CFB-86E0E95AA39D}.Template|Win32.ActiveCfg = Template|Win32
		{240D108D-4F81-4912-9CFB-86E0E95AA39D}.Template|Win32.Build.0 = Template|Win32
		{240D108D-4F81-4912-9CFB-86E0E95AA39D}.Template|x64.ActiveCfg = Template|x64
		{240D108D-4F81-4912-9CFB-86E0E95AA39D}.Template|x64.Build.0 = Template|x64
		{3C935314-A083-4F82-9D3C-DF857A576979}.Debug|Win32.ActiveCfg = Debug|Win32
		{3C935314-A083-4F82-9D3C-DF857A576979}.Debug|Win32.Build.0 = Debug|Win32
		{3C935314-A083-4F82-9D3C-DF857A576979}.Debug|x64.ActiveCfg = Debug|x64
		{3C935314-A083-4F82-9D3C-DF857A576979}.Debug|x64.Build.0 = Debug|x64
		{3C935314-A083-4F82-9D3C-DF857A576979}.Release|Win32.ActiveCfg = Release|Win32
		{3C935314-A083-4F82-9D3C-DF857A576979}.Release|Win32.Build.0 = Release|Win32
		{3C935314-A083-4F82-9D3C-DF857A576979}.Release|x64.ActiveCfg = Release|x64
		{3C935314-A083-4F82-9D3C-DF857A576979}.Release|x64.Build.0 = Release|x64
		{3C935314-A083-4F82-9D3C-DF857A576979}.Template|Win32.ActiveCfg = Template|Win32
		{3C935314-A083-4F82-9D3C-DF857A576979}.Template|Win32.Build.0 = Template|Win32
		{3C935314-A083-4F82-9D3C-DF857A576979}.Template|x64.ActiveCfg = Template|x64
		{3C935314-A083-4F82-9D3C-DF857A576979}.Template|x64.Build.0 = Template|x64
	EndGlobalSection
	GlobalSection(SolutionProperties) = preSolution
		HideSolutionNode = FALSE
	EndGlobalSection
EndGlobal
