
Microsoft Visual Studio Solution File, Format Version 12.00
# Visual Studio 14
VisualStudioVersion = 14.0.25420.1
MinimumVisualStudioVersion = 10.0.40219.1
Project("{54435603-DBB4-11D2-8724-00A0C9A8B90C}") = "VecSetup", "VecSetup\VecSetup.vdproj", "{A255026E-6F8B-4731-B8B8-B80EF08FD4F1}"
EndProject
Global
	GlobalSection(SolutionConfigurationPlatforms) = preSolution
		Debug|Default = Debug|Default
		Release|Default = Release|Default
	EndGlobalSection
	GlobalSection(ProjectConfigurationPlatforms) = postSolution
		{A255026E-6F8B-4731-B8B8-B80EF08FD4F1}.Debug|Default.ActiveCfg = Release
		{A255026E-6F8B-4731-B8B8-B80EF08FD4F1}.Debug|Default.Build.0 = Release
		{A255026E-6F8B-4731-B8B8-B80EF08FD4F1}.Release|Default.ActiveCfg = Release
		{A255026E-6F8B-4731-B8B8-B80EF08FD4F1}.Release|Default.Build.0 = Release
	EndGlobalSection
	GlobalSection(SolutionProperties) = preSolution
		HideSolutionNode = FALSE
	EndGlobalSection
EndGlobal
